// !$*UTF8*$!
{
	archiveVersion = 1;
	classes = {
	};
	objectVersion = 55;
	objects = {

/* Begin PBXBuildFile section */
		11252825282FA70400ED314F /* UIViewExtensions.swift in Sources */ = {isa = PBXBuildFile; fileRef = 11252824282FA70400ED314F /* UIViewExtensions.swift */; };
		116681D32821D92900AC6389 /* AppDelegate.swift in Sources */ = {isa = PBXBuildFile; fileRef = 116681D22821D92900AC6389 /* AppDelegate.swift */; };
		116681D52821D92900AC6389 /* SceneDelegate.swift in Sources */ = {isa = PBXBuildFile; fileRef = 116681D42821D92900AC6389 /* SceneDelegate.swift */; };
		116681DC2821D92A00AC6389 /* Assets.xcassets in Resources */ = {isa = PBXBuildFile; fileRef = 116681DB2821D92A00AC6389 /* Assets.xcassets */; };
		116681DF2821D92A00AC6389 /* LaunchScreen.storyboard in Resources */ = {isa = PBXBuildFile; fileRef = 116681DD2821D92A00AC6389 /* LaunchScreen.storyboard */; };
		11C46F0828271974000508B9 /* TripModel.swift in Sources */ = {isa = PBXBuildFile; fileRef = 11C46F0728271974000508B9 /* TripModel.swift */; };
		11C46F0A28271981000508B9 /* TripFunctions.swift in Sources */ = {isa = PBXBuildFile; fileRef = 11C46F0928271981000508B9 /* TripFunctions.swift */; };
		11C46F0C28271EB0000508B9 /* Data.swift in Sources */ = {isa = PBXBuildFile; fileRef = 11C46F0B28271EB0000508B9 /* Data.swift */; };
		11F32525282EF0B2009A111D /* TripsViewController.storyboard in Resources */ = {isa = PBXBuildFile; fileRef = 11F32524282EF0B2009A111D /* TripsViewController.storyboard */; };
		11F32527282EF0BE009A111D /* TripsViewController.swift in Sources */ = {isa = PBXBuildFile; fileRef = 11F32526282EF0BE009A111D /* TripsViewController.swift */; };
		11F3252B282EFCBD009A111D /* TableViewCell.swift in Sources */ = {isa = PBXBuildFile; fileRef = 11F3252A282EFCBD009A111D /* TableViewCell.swift */; };
/* End PBXBuildFile section */

/* Begin PBXFileReference section */
		11252824282FA70400ED314F /* UIViewExtensions.swift */ = {isa = PBXFileReference; lastKnownFileType = sourcecode.swift; path = UIViewExtensions.swift; sourceTree = "<group>"; };
		116681CF2821D92900AC6389 /* Itinerary App.app */ = {isa = PBXFileReference; explicitFileType = wrapper.application; includeInIndex = 0; path = "Itinerary App.app"; sourceTree = BUILT_PRODUCTS_DIR; };
		116681D22821D92900AC6389 /* AppDelegate.swift */ = {isa = PBXFileReference; lastKnownFileType = sourcecode.swift; path = AppDelegate.swift; sourceTree = "<group>"; };
		116681D42821D92900AC6389 /* SceneDelegate.swift */ = {isa = PBXFileReference; lastKnownFileType = sourcecode.swift; path = SceneDelegate.swift; sourceTree = "<group>"; };
		116681DB2821D92A00AC6389 /* Assets.xcassets */ = {isa = PBXFileReference; lastKnownFileType = folder.assetcatalog; path = Assets.xcassets; sourceTree = "<group>"; };
		116681DE2821D92A00AC6389 /* Base */ = {isa = PBXFileReference; lastKnownFileType = file.storyboard; name = Base; path = Base.lproj/LaunchScreen.storyboard; sourceTree = "<group>"; };
		116681E02821D92A00AC6389 /* Info.plist */ = {isa = PBXFileReference; lastKnownFileType = text.plist.xml; path = Info.plist; sourceTree = "<group>"; };
		11C46F0728271974000508B9 /* TripModel.swift */ = {isa = PBXFileReference; lastKnownFileType = sourcecode.swift; path = TripModel.swift; sourceTree = "<group>"; };
		11C46F0928271981000508B9 /* TripFunctions.swift */ = {isa = PBXFileReference; lastKnownFileType = sourcecode.swift; path = TripFunctions.swift; sourceTree = "<group>"; };
		11C46F0B28271EB0000508B9 /* Data.swift */ = {isa = PBXFileReference; lastKnownFileType = sourcecode.swift; path = Data.swift; sourceTree = "<group>"; };
		11F32524282EF0B2009A111D /* TripsViewController.storyboard */ = {isa = PBXFileReference; lastKnownFileType = file.storyboard; path = TripsViewController.storyboard; sourceTree = "<group>"; };
		11F32526282EF0BE009A111D /* TripsViewController.swift */ = {isa = PBXFileReference; lastKnownFileType = sourcecode.swift; path = TripsViewController.swift; sourceTree = "<group>"; };
		11F3252A282EFCBD009A111D /* TableViewCell.swift */ = {isa = PBXFileReference; lastKnownFileType = sourcecode.swift; path = TableViewCell.swift; sourceTree = "<group>"; };
/* End PBXFileReference section */

/* Begin PBXFrameworksBuildPhase section */
		116681CC2821D92900AC6389 /* Frameworks */ = {
			isa = PBXFrameworksBuildPhase;
			buildActionMask = 2147483647;
			files = (
			);
			runOnlyForDeploymentPostprocessing = 0;
		};
/* End PBXFrameworksBuildPhase section */

/* Begin PBXGroup section */
		11252823282FA6D200ED314F /* Extensions */ = {
			isa = PBXGroup;
			children = (
				11252824282FA70400ED314F /* UIViewExtensions.swift */,
			);
			path = Extensions;
			sourceTree = "<group>";
		};
		116681C62821D92900AC6389 = {
			isa = PBXGroup;
			children = (
				11252823282FA6D200ED314F /* Extensions */,
				11C46F052827194B000508B9 /* Model */,
				116681D12821D92900AC6389 /* Itinerary App */,
				116681D02821D92900AC6389 /* Products */,
			);
			sourceTree = "<group>";
		};
		116681D02821D92900AC6389 /* Products */ = {
			isa = PBXGroup;
			children = (
				116681CF2821D92900AC6389 /* Itinerary App.app */,
			);
			name = Products;
			sourceTree = "<group>";
		};
		116681D12821D92900AC6389 /* Itinerary App */ = {
			isa = PBXGroup;
			children = (
				11F32522282EF05D009A111D /* Views */,
				116681D22821D92900AC6389 /* AppDelegate.swift */,
				116681D42821D92900AC6389 /* SceneDelegate.swift */,
				116681DB2821D92A00AC6389 /* Assets.xcassets */,
				116681DD2821D92A00AC6389 /* LaunchScreen.storyboard */,
				116681E02821D92A00AC6389 /* Info.plist */,
			);
			path = "Itinerary App";
			sourceTree = "<group>";
		};
		11C46F052827194B000508B9 /* Model */ = {
			isa = PBXGroup;
			children = (
				11C46F0B28271EB0000508B9 /* Data.swift */,
				11C46F0628271957000508B9 /* Trip */,
			);
			path = Model;
			sourceTree = "<group>";
		};
		11C46F0628271957000508B9 /* Trip */ = {
			isa = PBXGroup;
			children = (
				11C46F0728271974000508B9 /* TripModel.swift */,
				11C46F0928271981000508B9 /* TripFunctions.swift */,
			);
			path = Trip;
			sourceTree = "<group>";
		};
		11F32522282EF05D009A111D /* Views */ = {
			isa = PBXGroup;
			children = (
				11F32523282EF071009A111D /* TripsViewController */,
			);
			path = Views;
			sourceTree = "<group>";
		};
		11F32523282EF071009A111D /* TripsViewController */ = {
			isa = PBXGroup;
			children = (
				11F32524282EF0B2009A111D /* TripsViewController.storyboard */,
				11F32526282EF0BE009A111D /* TripsViewController.swift */,
				11F3252A282EFCBD009A111D /* TableViewCell.swift */,
			);
			path = TripsViewController;
			sourceTree = "<group>";
		};
/* End PBXGroup section */

/* Begin PBXNativeTarget section */
		116681CE2821D92900AC6389 /* Itinerary App */ = {
			isa = PBXNativeTarget;
			buildConfigurationList = 116681E32821D92A00AC6389 /* Build configuration list for PBXNativeTarget "Itinerary App" */;
			buildPhases = (
				116681CB2821D92900AC6389 /* Sources */,
				116681CC2821D92900AC6389 /* Frameworks */,
				116681CD2821D92900AC6389 /* Resources */,
			);
			buildRules = (
			);
			dependencies = (
			);
			name = "Itinerary App";
			productName = "Itinerary App";
			productReference = 116681CF2821D92900AC6389 /* Itinerary App.app */;
			productType = "com.apple.product-type.application";
		};
/* End PBXNativeTarget section */

/* Begin PBXProject section */
		116681C72821D92900AC6389 /* Project object */ = {
			isa = PBXProject;
			attributes = {
				BuildIndependentTargetsInParallel = 1;
				LastSwiftUpdateCheck = 1320;
				LastUpgradeCheck = 1320;
				TargetAttributes = {
					116681CE2821D92900AC6389 = {
						CreatedOnToolsVersion = 13.2;
					};
				};
			};
			buildConfigurationList = 116681CA2821D92900AC6389 /* Build configuration list for PBXProject "Itinerary App" */;
			compatibilityVersion = "Xcode 13.0";
			developmentRegion = en;
			hasScannedForEncodings = 0;
			knownRegions = (
				en,
				Base,
			);
			mainGroup = 116681C62821D92900AC6389;
			productRefGroup = 116681D02821D92900AC6389 /* Products */;
			projectDirPath = "";
			projectRoot = "";
			targets = (
				116681CE2821D92900AC6389 /* Itinerary App */,
			);
		};
/* End PBXProject section */

/* Begin PBXResourcesBuildPhase section */
		116681CD2821D92900AC6389 /* Resources */ = {
			isa = PBXResourcesBuildPhase;
			buildActionMask = 2147483647;
			files = (
				116681DF2821D92A00AC6389 /* LaunchScreen.storyboard in Resources */,
				11F32525282EF0B2009A111D /* TripsViewController.storyboard in Resources */,
				116681DC2821D92A00AC6389 /* Assets.xcassets in Resources */,
			);
			runOnlyForDeploymentPostprocessing = 0;
		};
/* End PBXResourcesBuildPhase section */

/* Begin PBXSourcesBuildPhase section */
		116681CB2821D92900AC6389 /* Sources */ = {
			isa = PBXSourcesBuildPhase;
			buildActionMask = 2147483647;
			files = (
				116681D32821D92900AC6389 /* AppDelegate.swift in Sources */,
				11C46F0C28271EB0000508B9 /* Data.swift in Sources */,
				11252825282FA70400ED314F /* UIViewExtensions.swift in Sources */,
				116681D52821D92900AC6389 /* SceneDelegate.swift in Sources */,
				11F32527282EF0BE009A111D /* TripsViewController.swift in Sources */,
				11C46F0A28271981000508B9 /* TripFunctions.swift in Sources */,
				11F3252B282EFCBD009A111D /* TableViewCell.swift in Sources */,
				11C46F0828271974000508B9 /* TripModel.swift in Sources */,
			);
			runOnlyForDeploymentPostprocessing = 0;
		};
/* End PBXSourcesBuildPhase section */

/* Begin PBXVariantGroup section */
		116681DD2821D92A00AC6389 /* LaunchScreen.storyboard */ = {
			isa = PBXVariantGroup;
			children = (
				116681DE2821D92A00AC6389 /* Base */,
			);
			name = LaunchScreen.storyboard;
			sourceTree = "<group>";
		};
/* End PBXVariantGroup section */

/* Begin XCBuildConfiguration section */
		116681E12821D92A00AC6389 /* Debug */ = {
			isa = XCBuildConfiguration;
			buildSettings = {
				ALWAYS_SEARCH_USER_PATHS = NO;
				CLANG_ANALYZER_NONNULL = YES;
				CLANG_ANALYZER_NUMBER_OBJECT_CONVERSION = YES_AGGRESSIVE;
				CLANG_CXX_LANGUAGE_STANDARD = "gnu++17";
				CLANG_CXX_LIBRARY = "libc++";
				CLANG_ENABLE_MODULES = YES;
				CLANG_ENABLE_OBJC_ARC = YES;
				CLANG_ENABLE_OBJC_WEAK = YES;
				CLANG_WARN_BLOCK_CAPTURE_AUTORELEASING = YES;
				CLANG_WARN_BOOL_CONVERSION = YES;
				CLANG_WARN_COMMA = YES;
				CLANG_WARN_CONSTANT_CONVERSION = YES;
				CLANG_WARN_DEPRECATED_OBJC_IMPLEMENTATIONS = YES;
				CLANG_WARN_DIRECT_OBJC_ISA_USAGE = YES_ERROR;
				CLANG_WARN_DOCUMENTATION_COMMENTS = YES;
				CLANG_WARN_EMPTY_BODY = YES;
				CLANG_WARN_ENUM_CONVERSION = YES;
				CLANG_WARN_INFINITE_RECURSION = YES;
				CLANG_WARN_INT_CONVERSION = YES;
				CLANG_WARN_NON_LITERAL_NULL_CONVERSION = YES;
				CLANG_WARN_OBJC_IMPLICIT_RETAIN_SELF = YES;
				CLANG_WARN_OBJC_LITERAL_CONVERSION = YES;
				CLANG_WARN_OBJC_ROOT_CLASS = YES_ERROR;
				CLANG_WARN_QUOTED_INCLUDE_IN_FRAMEWORK_HEADER = YES;
				CLANG_WARN_RANGE_LOOP_ANALYSIS = YES;
				CLANG_WARN_STRICT_PROTOTYPES = YES;
				CLANG_WARN_SUSPICIOUS_MOVE = YES;
				CLANG_WARN_UNGUARDED_AVAILABILITY = YES_AGGRESSIVE;
				CLANG_WARN_UNREACHABLE_CODE = YES;
				CLANG_WARN__DUPLICATE_METHOD_MATCH = YES;
				COPY_PHASE_STRIP = NO;
				DEBUG_INFORMATION_FORMAT = dwarf;
				ENABLE_STRICT_OBJC_MSGSEND = YES;
				ENABLE_TESTABILITY = YES;
				GCC_C_LANGUAGE_STANDARD = gnu11;
				GCC_DYNAMIC_NO_PIC = NO;
				GCC_NO_COMMON_BLOCKS = YES;
				GCC_OPTIMIZATION_LEVEL = 0;
				GCC_PREPROCESSOR_DEFINITIONS = (
					"DEBUG=1",
					"$(inherited)",
				);
				GCC_WARN_64_TO_32_BIT_CONVERSION = YES;
				GCC_WARN_ABOUT_RETURN_TYPE = YES_ERROR;
				GCC_WARN_UNDECLARED_SELECTOR = YES;
				GCC_WARN_UNINITIALIZED_AUTOS = YES_AGGRESSIVE;
				GCC_WARN_UNUSED_FUNCTION = YES;
				GCC_WARN_UNUSED_VARIABLE = YES;
				IPHONEOS_DEPLOYMENT_TARGET = 15.2;
				MTL_ENABLE_DEBUG_INFO = INCLUDE_SOURCE;
				MTL_FAST_MATH = YES;
				ONLY_ACTIVE_ARCH = YES;
				SDKROOT = iphoneos;
				SWIFT_ACTIVE_COMPILATION_CONDITIONS = DEBUG;
				SWIFT_OPTIMIZATION_LEVEL = "-Onone";
			};
			name = Debug;
		};
		116681E22821D92A00AC6389 /* Release */ = {
			isa = XCBuildConfiguration;
			buildSettings = {
				ALWAYS_SEARCH_USER_PATHS = NO;
				CLANG_ANALYZER_NONNULL = YES;
				CLANG_ANALYZER_NUMBER_OBJECT_CONVERSION = YES_AGGRESSIVE;
				CLANG_CXX_LANGUAGE_STANDARD = "gnu++17";
				CLANG_CXX_LIBRARY = "libc++";
				CLANG_ENABLE_MODULES = YES;
				CLANG_ENABLE_OBJC_ARC = YES;
				CLANG_ENABLE_OBJC_WEAK = YES;
				CLANG_WARN_BLOCK_CAPTURE_AUTORELEASING = YES;
				CLANG_WARN_BOOL_CONVERSION = YES;
				CLANG_WARN_COMMA = YES;
				CLANG_WARN_CONSTANT_CONVERSION = YES;
				CLANG_WARN_DEPRECATED_OBJC_IMPLEMENTATIONS = YES;
				CLANG_WARN_DIRECT_OBJC_ISA_USAGE = YES_ERROR;
				CLANG_WARN_DOCUMENTATION_COMMENTS = YES;
				CLANG_WARN_EMPTY_BODY = YES;
				CLANG_WARN_ENUM_CONVERSION = YES;
				CLANG_WARN_INFINITE_RECURSION = YES;
				CLANG_WARN_INT_CONVERSION = YES;
				CLANG_WARN_NON_LITERAL_NULL_CONVERSION = YES;
				CLANG_WARN_OBJC_IMPLICIT_RETAIN_SELF = YES;
				CLANG_WARN_OBJC_LITERAL_CONVERSION = YES;
				CLANG_WARN_OBJC_ROOT_CLASS = YES_ERROR;
				CLANG_WARN_QUOTED_INCLUDE_IN_FRAMEWORK_HEADER = YES;
				CLANG_WARN_RANGE_LOOP_ANALYSIS = YES;
				CLANG_WARN_STRICT_PROTOTYPES = YES;
				CLANG_WARN_SUSPICIOUS_MOVE = YES;
				CLANG_WARN_UNGUARDED_AVAILABILITY = YES_AGGRESSIVE;
				CLANG_WARN_UNREACHABLE_CODE = YES;
				CLANG_WARN__DUPLICATE_METHOD_MATCH = YES;
				COPY_PHASE_STRIP = NO;
				DEBUG_INFORMATION_FORMAT = "dwarf-with-dsym";
				ENABLE_NS_ASSERTIONS = NO;
				ENABLE_STRICT_OBJC_MSGSEND = YES;
				GCC_C_LANGUAGE_STANDARD = gnu11;
				GCC_NO_COMMON_BLOCKS = YES;
				GCC_WARN_64_TO_32_BIT_CONVERSION = YES;
				GCC_WARN_ABOUT_RETURN_TYPE = YES_ERROR;
				GCC_WARN_UNDECLARED_SELECTOR = YES;
				GCC_WARN_UNINITIALIZED_AUTOS = YES_AGGRESSIVE;
				GCC_WARN_UNUSED_FUNCTION = YES;
				GCC_WARN_UNUSED_VARIABLE = YES;
				IPHONEOS_DEPLOYMENT_TARGET = 15.2;
				MTL_ENABLE_DEBUG_INFO = NO;
				MTL_FAST_MATH = YES;
				SDKROOT = iphoneos;
				SWIFT_COMPILATION_MODE = wholemodule;
				SWIFT_OPTIMIZATION_LEVEL = "-O";
				VALIDATE_PRODUCT = YES;
			};
			name = Release;
		};
		116681E42821D92A00AC6389 /* Debug */ = {
			isa = XCBuildConfiguration;
			buildSettings = {
				ASSETCATALOG_COMPILER_APPICON_NAME = AppIcon;
				ASSETCATALOG_COMPILER_GLOBAL_ACCENT_COLOR_NAME = AccentColor;
				CODE_SIGN_STYLE = Automatic;
				CURRENT_PROJECT_VERSION = 1;
				DEVELOPMENT_TEAM = KS74W7M7ZU;
				GENERATE_INFOPLIST_FILE = YES;
				INFOPLIST_FILE = "Itinerary App/Info.plist";
				INFOPLIST_KEY_UIApplicationSupportsIndirectInputEvents = YES;
				INFOPLIST_KEY_UILaunchStoryboardName = LaunchScreen;
				INFOPLIST_KEY_UIMainStoryboardFile = TripsViewController;
				INFOPLIST_KEY_UISupportedInterfaceOrientations_iPad = "UIInterfaceOrientationPortrait UIInterfaceOrientationPortraitUpsideDown UIInterfaceOrientationLandscapeLeft UIInterfaceOrientationLandscapeRight";
				INFOPLIST_KEY_UISupportedInterfaceOrientations_iPhone = "UIInterfaceOrientationPortrait UIInterfaceOrientationLandscapeLeft UIInterfaceOrientationLandscapeRight";
				LD_RUNPATH_SEARCH_PATHS = (
					"$(inherited)",
					"@executable_path/Frameworks",
				);
				MARKETING_VERSION = 1.0;
				PRODUCT_BUNDLE_IDENTIFIER = "nktshklv.Itinerary-App";
				PRODUCT_NAME = "$(TARGET_NAME)";
				SWIFT_EMIT_LOC_STRINGS = YES;
				SWIFT_VERSION = 5.0;
				TARGETED_DEVICE_FAMILY = "1,2";
			};
			name = Debug;
		};
		116681E52821D92A00AC6389 /* Release */ = {
			isa = XCBuildConfiguration;
			buildSettings = {
				ASSETCATALOG_COMPILER_APPICON_NAME = AppIcon;
				ASSETCATALOG_COMPILER_GLOBAL_ACCENT_COLOR_NAME = AccentColor;
				CODE_SIGN_STYLE = Automatic;
				CURRENT_PROJECT_VERSION = 1;
				DEVELOPMENT_TEAM = KS74W7M7ZU;
				GENERATE_INFOPLIST_FILE = YES;
				INFOPLIST_FILE = "Itinerary App/Info.plist";
				INFOPLIST_KEY_UIApplicationSupportsIndirectInputEvents = YES;
				INFOPLIST_KEY_UILaunchStoryboardName = LaunchScreen;
				INFOPLIST_KEY_UIMainStoryboardFile = TripsViewController;
				INFOPLIST_KEY_UISupportedInterfaceOrientations_iPad = "UIInterfaceOrientationPortrait UIInterfaceOrientationPortraitUpsideDown UIInterfaceOrientationLandscapeLeft UIInterfaceOrientationLandscapeRight";
				INFOPLIST_KEY_UISupportedInterfaceOrientations_iPhone = "UIInterfaceOrientationPortrait UIInterfaceOrientationLandscapeLeft UIInterfaceOrientationLandscapeRight";
				LD_RUNPATH_SEARCH_PATHS = (
					"$(inherited)",
					"@executable_path/Frameworks",
				);
				MARKETING_VERSION = 1.0;
				PRODUCT_BUNDLE_IDENTIFIER = "nktshklv.Itinerary-App";
				PRODUCT_NAME = "$(TARGET_NAME)";
				SWIFT_EMIT_LOC_STRINGS = YES;
				SWIFT_VERSION = 5.0;
				TARGETED_DEVICE_FAMILY = "1,2";
			};
			name = Release;
		};
/* End XCBuildConfiguration section */

/* Begin XCConfigurationList section */
		116681CA2821D92900AC6389 /* Build configuration list for PBXProject "Itinerary App" */ = {
			isa = XCConfigurationList;
			buildConfigurations = (
				116681E12821D92A00AC6389 /* Debug */,
				116681E22821D92A00AC6389 /* Release */,
			);
			defaultConfigurationIsVisible = 0;
			defaultConfigurationName = Release;
		};
		116681E32821D92A00AC6389 /* Build configuration list for PBXNativeTarget "Itinerary App" */ = {
			isa = XCConfigurationList;
			buildConfigurations = (
				116681E42821D92A00AC6389 /* Debug */,
				116681E52821D92A00AC6389 /* Release */,
			);
			defaultConfigurationIsVisible = 0;
			defaultConfigurationName = Release;
		};
/* End XCConfigurationList section */
	};
	rootObject = 116681C72821D92900AC6389 /* Project object */;
}
